
Microsoft Visual Studio Solution File, Format Version 12.00
Project("{FAE04EC0-301F-11D3-BF4B-00C04F79EFBC}") = "InscryptionTextureConverter", "InscryptionTextureConverter\InscryptionTextureConverter.csproj", "{01D22D8C-CAA7-4097-9C7D-2BFD5358AE95}"
EndProject
Global
	GlobalSection(SolutionConfigurationPlatforms) = preSolution
		Debug|Any CPU = Debug|Any CPU
		Release|Any CPU = Release|Any CPU
	EndGlobalSection
	GlobalSection(ProjectConfigurationPlatforms) = postSolution
		{01D22D8C-CAA7-4097-9C7D-2BFD5358AE95}.Debug|Any CPU.ActiveCfg = Debug|Any CPU
		{01D22D8C-CAA7-4097-9C7D-2BFD5358AE95}.Debug|Any CPU.Build.0 = Debug|Any CPU
		{01D22D8C-CAA7-4097-9C7D-2BFD5358AE95}.Release|Any CPU.ActiveCfg = Release|Any CPU
		{01D22D8C-CAA7-4097-9C7D-2BFD5358AE95}.Release|Any CPU.Build.0 = Release|Any CPU
	EndGlobalSection
EndGlobal
